
Microsoft Visual Studio Solution File, Format Version 12.00
# Visual Studio Version 17
VisualStudioVersion = 17.3.32901.215
MinimumVisualStudioVersion = 10.0.40219.1
Project("{8BC9CEB8-8B4A-11D0-8D11-00A0C91BC942}") = "modelo", "modelo.vcxproj", "{201C3BD6-DE1F-4918-9F03-47B139E2B9BD}"
EndProject
Global
	GlobalSection(SolutionConfigurationPlatforms) = preSolution
		Debug|x64 = Debug|x64
		Debug|x86 = Debug|x86
		Release|x64 = Release|x64
		Release|x86 = Release|x86
	EndGlobalSection
	GlobalSection(ProjectConfigurationPlatforms) = postSolution
		{201C3BD6-DE1F-4918-9F03-47B139E2B9BD}.Debug|x64.ActiveCfg = Debug|x64
		{201C3BD6-DE1F-4918-9F03-47B139E2B9BD}.Debug|x64.Build.0 = Debug|x64
		{201C3BD6-DE1F-4918-9F03-47B139E2B9BD}.Debug|x86.ActiveCfg = Debug|Win32
		{201C3BD6-DE1F-4918-9F03-47B139E2B9BD}.Debug|x86.Build.0 = Debug|Win32
		{201C3BD6-DE1F-4918-9F03-47B139E2B9BD}.Release|x64.ActiveCfg = Release|x64
		{201C3BD6-DE1F-4918-9F03-47B139E2B9BD}.Release|x64.Build.0 = Release|x64
		{201C3BD6-DE1F-4918-9F03-47B139E2B9BD}.Release|x86.ActiveCfg = Release|Win32
		{201C3BD6-DE1F-4918-9F03-47B139E2B9BD}.Release|x86.Build.0 = Release|Win32
	EndGlobalSection
	GlobalSection(SolutionProperties) = preSolution
		HideSolutionNode = FALSE
	EndGlobalSection
	GlobalSection(ExtensibilityGlobals) = postSolution
		SolutionGuid = {94534DD2-D010-4881-BCE3-EBECB9251B3C}
	EndGlobalSection
EndGlobal
